
Microsoft Visual Studio Solution File, Format Version 12.00
# Visual Studio Version 17
VisualStudioVersion = 17.6.33815.320
MinimumVisualStudioVersion = 10.0.40219.1
Project("{FAE04EC0-301F-11D3-BF4B-00C04F79EFBC}") = "ConAppSinglyLinkedList", "ConAppSinglyLinkedList\ConAppSinglyLinkedList.csproj", "{5831E94F-E7F8-40C1-B3D5-128734856FF8}"
EndProject
Global
	GlobalSection(SolutionConfigurationPlatforms) = preSolution
		Debug|Any CPU = Debug|Any CPU
		Release|Any CPU = Release|Any CPU
	EndGlobalSection
	GlobalSection(ProjectConfigurationPlatforms) = postSolution
		{5831E94F-E7F8-40C1-B3D5-128734856FF8}.Debug|Any CPU.ActiveCfg = Debug|Any CPU
		{5831E94F-E7F8-40C1-B3D5-128734856FF8}.Debug|Any CPU.Build.0 = Debug|Any CPU
		{5831E94F-E7F8-40C1-B3D5-128734856FF8}.Release|Any CPU.ActiveCfg = Release|Any CPU
		{5831E94F-E7F8-40C1-B3D5-128734856FF8}.Release|Any CPU.Build.0 = Release|Any CPU
	EndGlobalSection
	GlobalSection(SolutionProperties) = preSolution
		HideSolutionNode = FALSE
	EndGlobalSection
	GlobalSection(ExtensibilityGlobals) = postSolution
		SolutionGuid = {E3B26E3C-9098-40A0-A07D-CFFF86CDAADA}
	EndGlobalSection
EndGlobal
