
Microsoft Visual Studio Solution File, Format Version 12.00
# Visual Studio Version 17
VisualStudioVersion = 17.6.33815.320
MinimumVisualStudioVersion = 10.0.40219.1
Project("{FAE04EC0-301F-11D3-BF4B-00C04F79EFBC}") = "ConAppPolymorphism", "ConAppPolymorphism\ConAppPolymorphism.csproj", "{979265ED-C318-4E84-8579-27F3A3AC508D}"
EndProject
Global
	GlobalSection(SolutionConfigurationPlatforms) = preSolution
		Debug|Any CPU = Debug|Any CPU
		Release|Any CPU = Release|Any CPU
	EndGlobalSection
	GlobalSection(ProjectConfigurationPlatforms) = postSolution
		{979265ED-C318-4E84-8579-27F3A3AC508D}.Debug|Any CPU.ActiveCfg = Debug|Any CPU
		{979265ED-C318-4E84-8579-27F3A3AC508D}.Debug|Any CPU.Build.0 = Debug|Any CPU
		{979265ED-C318-4E84-8579-27F3A3AC508D}.Release|Any CPU.ActiveCfg = Release|Any CPU
		{979265ED-C318-4E84-8579-27F3A3AC508D}.Release|Any CPU.Build.0 = Release|Any CPU
	EndGlobalSection
	GlobalSection(SolutionProperties) = preSolution
		HideSolutionNode = FALSE
	EndGlobalSection
	GlobalSection(ExtensibilityGlobals) = postSolution
		SolutionGuid = {926F265F-E97F-4F90-AB69-BF3ED7F52FBC}
	EndGlobalSection
EndGlobal
