
Microsoft Visual Studio Solution File, Format Version 12.00
# Visual Studio Version 17
VisualStudioVersion = 17.6.33815.320
MinimumVisualStudioVersion = 10.0.40219.1
Project("{FAE04EC0-301F-11D3-BF4B-00C04F79EFBC}") = "Working_with_Files_Project", "Working_with_Files_Project\Working_with_Files_Project.csproj", "{7916F608-FB77-4B4D-92B6-45050A244413}"
EndProject
Global
	GlobalSection(SolutionConfigurationPlatforms) = preSolution
		Debug|Any CPU = Debug|Any CPU
		Release|Any CPU = Release|Any CPU
	EndGlobalSection
	GlobalSection(ProjectConfigurationPlatforms) = postSolution
		{7916F608-FB77-4B4D-92B6-45050A244413}.Debug|Any CPU.ActiveCfg = Debug|Any CPU
		{7916F608-FB77-4B4D-92B6-45050A244413}.Debug|Any CPU.Build.0 = Debug|Any CPU
		{7916F608-FB77-4B4D-92B6-45050A244413}.Release|Any CPU.ActiveCfg = Release|Any CPU
		{7916F608-FB77-4B4D-92B6-45050A244413}.Release|Any CPU.Build.0 = Release|Any CPU
	EndGlobalSection
	GlobalSection(SolutionProperties) = preSolution
		HideSolutionNode = FALSE
	EndGlobalSection
	GlobalSection(ExtensibilityGlobals) = postSolution
		SolutionGuid = {64ED646D-1437-419C-9417-74729EF6D9E5}
	EndGlobalSection
EndGlobal
