
Microsoft Visual Studio Solution File, Format Version 12.00
# Visual Studio Version 17
VisualStudioVersion = 17.6.33815.320
MinimumVisualStudioVersion = 10.0.40219.1
Project("{FAE04EC0-301F-11D3-BF4B-00C04F79EFBC}") = "ConAppBubbleSort", "ConAppBubbleSort\ConAppBubbleSort.csproj", "{56D48849-40C4-4CAC-9327-0407CB2F20D4}"
EndProject
Global
	GlobalSection(SolutionConfigurationPlatforms) = preSolution
		Debug|Any CPU = Debug|Any CPU
		Release|Any CPU = Release|Any CPU
	EndGlobalSection
	GlobalSection(ProjectConfigurationPlatforms) = postSolution
		{56D48849-40C4-4CAC-9327-0407CB2F20D4}.Debug|Any CPU.ActiveCfg = Debug|Any CPU
		{56D48849-40C4-4CAC-9327-0407CB2F20D4}.Debug|Any CPU.Build.0 = Debug|Any CPU
		{56D48849-40C4-4CAC-9327-0407CB2F20D4}.Release|Any CPU.ActiveCfg = Release|Any CPU
		{56D48849-40C4-4CAC-9327-0407CB2F20D4}.Release|Any CPU.Build.0 = Release|Any CPU
	EndGlobalSection
	GlobalSection(SolutionProperties) = preSolution
		HideSolutionNode = FALSE
	EndGlobalSection
	GlobalSection(ExtensibilityGlobals) = postSolution
		SolutionGuid = {59703675-E3FE-4DFF-B96F-1105A59F4352}
	EndGlobalSection
EndGlobal
