
Microsoft Visual Studio Solution File, Format Version 12.00
# Visual Studio Version 17
VisualStudioVersion = 17.6.33815.320
MinimumVisualStudioVersion = 10.0.40219.1
Project("{FAE04EC0-301F-11D3-BF4B-00C04F79EFBC}") = "ConAPpInterfaces", "ConAPpInterfaces\ConAPpInterfaces.csproj", "{2AF6BEFC-C1B8-40B9-850E-84BB4EDDDE4A}"
EndProject
Global
	GlobalSection(SolutionConfigurationPlatforms) = preSolution
		Debug|Any CPU = Debug|Any CPU
		Release|Any CPU = Release|Any CPU
	EndGlobalSection
	GlobalSection(ProjectConfigurationPlatforms) = postSolution
		{2AF6BEFC-C1B8-40B9-850E-84BB4EDDDE4A}.Debug|Any CPU.ActiveCfg = Debug|Any CPU
		{2AF6BEFC-C1B8-40B9-850E-84BB4EDDDE4A}.Debug|Any CPU.Build.0 = Debug|Any CPU
		{2AF6BEFC-C1B8-40B9-850E-84BB4EDDDE4A}.Release|Any CPU.ActiveCfg = Release|Any CPU
		{2AF6BEFC-C1B8-40B9-850E-84BB4EDDDE4A}.Release|Any CPU.Build.0 = Release|Any CPU
	EndGlobalSection
	GlobalSection(SolutionProperties) = preSolution
		HideSolutionNode = FALSE
	EndGlobalSection
	GlobalSection(ExtensibilityGlobals) = postSolution
		SolutionGuid = {A6E896DD-CFD4-4FA3-A8CE-0E7E1FEC818B}
	EndGlobalSection
EndGlobal
