
Microsoft Visual Studio Solution File, Format Version 12.00
# Visual Studio Version 17
VisualStudioVersion = 17.6.33815.320
MinimumVisualStudioVersion = 10.0.40219.1
Project("{FAE04EC0-301F-11D3-BF4B-00C04F79EFBC}") = "ConAppBinarySearch", "ConAppBinarySearch\ConAppBinarySearch.csproj", "{21A58DCE-87DE-4D63-A4A2-80CE28FCA741}"
EndProject
Global
	GlobalSection(SolutionConfigurationPlatforms) = preSolution
		Debug|Any CPU = Debug|Any CPU
		Release|Any CPU = Release|Any CPU
	EndGlobalSection
	GlobalSection(ProjectConfigurationPlatforms) = postSolution
		{21A58DCE-87DE-4D63-A4A2-80CE28FCA741}.Debug|Any CPU.ActiveCfg = Debug|Any CPU
		{21A58DCE-87DE-4D63-A4A2-80CE28FCA741}.Debug|Any CPU.Build.0 = Debug|Any CPU
		{21A58DCE-87DE-4D63-A4A2-80CE28FCA741}.Release|Any CPU.ActiveCfg = Release|Any CPU
		{21A58DCE-87DE-4D63-A4A2-80CE28FCA741}.Release|Any CPU.Build.0 = Release|Any CPU
	EndGlobalSection
	GlobalSection(SolutionProperties) = preSolution
		HideSolutionNode = FALSE
	EndGlobalSection
	GlobalSection(ExtensibilityGlobals) = postSolution
		SolutionGuid = {477ACD0C-042A-4368-9F3C-3124F019D512}
	EndGlobalSection
EndGlobal
